// !$*UTF8*$!
{
	archiveVersion = 1;
	classes = {
	};
	objectVersion = 55;
	objects = {

/* Begin PBXBuildFile section */
		2DDBC46B2876CC6800432689 /* twitter_cloneApp.swift in Sources */ = {isa = PBXBuildFile; fileRef = 2DDBC46A2876CC6800432689 /* twitter_cloneApp.swift */; };
		2DDBC46F2876CC6900432689 /* Assets.xcassets in Resources */ = {isa = PBXBuildFile; fileRef = 2DDBC46E2876CC6900432689 /* Assets.xcassets */; };
		2DDBC4722876CC6900432689 /* Preview Assets.xcassets in Resources */ = {isa = PBXBuildFile; fileRef = 2DDBC4712876CC6900432689 /* Preview Assets.xcassets */; };
		2DDBC47D2876D20300432689 /* TextArea.swift in Sources */ = {isa = PBXBuildFile; fileRef = 2DDBC4792876D20300432689 /* TextArea.swift */; };
		2DDBC47E2876D20300432689 /* CustomSecureField.swift in Sources */ = {isa = PBXBuildFile; fileRef = 2DDBC47A2876D20300432689 /* CustomSecureField.swift */; };
		2DDBC47F2876D20300432689 /* ImagePicker.swift in Sources */ = {isa = PBXBuildFile; fileRef = 2DDBC47B2876D20300432689 /* ImagePicker.swift */; };
		2DDBC4802876D20300432689 /* CustomTextField.swift in Sources */ = {isa = PBXBuildFile; fileRef = 2DDBC47C2876D20300432689 /* CustomTextField.swift */; };
		2DDBC49C2876D21200432689 /* ContentView.swift in Sources */ = {isa = PBXBuildFile; fileRef = 2DDBC4832876D21200432689 /* ContentView.swift */; };
		2DDBC49D2876D21200432689 /* ConversationCell.swift in Sources */ = {isa = PBXBuildFile; fileRef = 2DDBC4852876D21200432689 /* ConversationCell.swift */; };
		2DDBC49E2876D21200432689 /* MessageInputView.swift in Sources */ = {isa = PBXBuildFile; fileRef = 2DDBC4862876D21200432689 /* MessageInputView.swift */; };
		2DDBC49F2876D21200432689 /* NewMessageView.swift in Sources */ = {isa = PBXBuildFile; fileRef = 2DDBC4872876D21200432689 /* NewMessageView.swift */; };
		2DDBC4A02876D21200432689 /* ConversationsView.swift in Sources */ = {isa = PBXBuildFile; fileRef = 2DDBC4882876D21200432689 /* ConversationsView.swift */; };
		2DDBC4A12876D21200432689 /* ChatView.swift in Sources */ = {isa = PBXBuildFile; fileRef = 2DDBC4892876D21200432689 /* ChatView.swift */; };
		2DDBC4A22876D21200432689 /* ChatBubble.swift in Sources */ = {isa = PBXBuildFile; fileRef = 2DDBC48A2876D21200432689 /* ChatBubble.swift */; };
		2DDBC4A32876D21200432689 /* SearchView.swift in Sources */ = {isa = PBXBuildFile; fileRef = 2DDBC48C2876D21200432689 /* SearchView.swift */; };
		2DDBC4A42876D21200432689 /* SearchBar.swift in Sources */ = {isa = PBXBuildFile; fileRef = 2DDBC48D2876D21200432689 /* SearchBar.swift */; };
		2DDBC4A52876D21200432689 /* UserCell.swift in Sources */ = {isa = PBXBuildFile; fileRef = 2DDBC48E2876D21200432689 /* UserCell.swift */; };
		2DDBC4A62876D21200432689 /* NewTweetView.swift in Sources */ = {isa = PBXBuildFile; fileRef = 2DDBC4902876D21200432689 /* NewTweetView.swift */; };
		2DDBC4A72876D21200432689 /* ProfileHeaderView.swift in Sources */ = {isa = PBXBuildFile; fileRef = 2DDBC4922876D21200432689 /* ProfileHeaderView.swift */; };
		2DDBC4A82876D21200432689 /* FilterButtonView.swift in Sources */ = {isa = PBXBuildFile; fileRef = 2DDBC4932876D21200432689 /* FilterButtonView.swift */; };
		2DDBC4A92876D21200432689 /* UserProfileView.swift in Sources */ = {isa = PBXBuildFile; fileRef = 2DDBC4942876D21200432689 /* UserProfileView.swift */; };
		2DDBC4AA2876D21200432689 /* ProfileActionButton.swift in Sources */ = {isa = PBXBuildFile; fileRef = 2DDBC4952876D21200432689 /* ProfileActionButton.swift */; };
		2DDBC4AB2876D21200432689 /* FeedView.swift in Sources */ = {isa = PBXBuildFile; fileRef = 2DDBC4972876D21200432689 /* FeedView.swift */; };
		2DDBC4AC2876D21200432689 /* TweetCellView.swift in Sources */ = {isa = PBXBuildFile; fileRef = 2DDBC4982876D21200432689 /* TweetCellView.swift */; };
		2DDBC4AD2876D21200432689 /* LoginView.swift in Sources */ = {isa = PBXBuildFile; fileRef = 2DDBC49A2876D21200432689 /* LoginView.swift */; };
		2DDBC4AE2876D21200432689 /* RegisterView.swift in Sources */ = {isa = PBXBuildFile; fileRef = 2DDBC49B2876D21200432689 /* RegisterView.swift */; };
		2DDBC4B12876D22500432689 /* AuthViewModel.swift in Sources */ = {isa = PBXBuildFile; fileRef = 2DDBC4B02876D22500432689 /* AuthViewModel.swift */; };
		2DDBC4BE2876DACC00432689 /* Message.swift in Sources */ = {isa = PBXBuildFile; fileRef = 2DDBC4BC2876DACC00432689 /* Message.swift */; };
		2DDBC4BF2876DACC00432689 /* User.swift in Sources */ = {isa = PBXBuildFile; fileRef = 2DDBC4BD2876DACC00432689 /* User.swift */; };
/* End PBXBuildFile section */

/* Begin PBXFileReference section */
		2DDBC4672876CC6800432689 /* twitter_clone.app */ = {isa = PBXFileReference; explicitFileType = wrapper.application; includeInIndex = 0; path = twitter_clone.app; sourceTree = BUILT_PRODUCTS_DIR; };
		2DDBC46A2876CC6800432689 /* twitter_cloneApp.swift */ = {isa = PBXFileReference; lastKnownFileType = sourcecode.swift; path = twitter_cloneApp.swift; sourceTree = "<group>"; };
		2DDBC46E2876CC6900432689 /* Assets.xcassets */ = {isa = PBXFileReference; lastKnownFileType = folder.assetcatalog; path = Assets.xcassets; sourceTree = "<group>"; };
		2DDBC4712876CC6900432689 /* Preview Assets.xcassets */ = {isa = PBXFileReference; lastKnownFileType = folder.assetcatalog; path = "Preview Assets.xcassets"; sourceTree = "<group>"; };
		2DDBC4792876D20300432689 /* TextArea.swift */ = {isa = PBXFileReference; fileEncoding = 4; lastKnownFileType = sourcecode.swift; path = TextArea.swift; sourceTree = "<group>"; };
		2DDBC47A2876D20300432689 /* CustomSecureField.swift */ = {isa = PBXFileReference; fileEncoding = 4; lastKnownFileType = sourcecode.swift; path = CustomSecureField.swift; sourceTree = "<group>"; };
		2DDBC47B2876D20300432689 /* ImagePicker.swift */ = {isa = PBXFileReference; fileEncoding = 4; lastKnownFileType = sourcecode.swift; path = ImagePicker.swift; sourceTree = "<group>"; };
		2DDBC47C2876D20300432689 /* CustomTextField.swift */ = {isa = PBXFileReference; fileEncoding = 4; lastKnownFileType = sourcecode.swift; path = CustomTextField.swift; sourceTree = "<group>"; };
		2DDBC4832876D21200432689 /* ContentView.swift */ = {isa = PBXFileReference; fileEncoding = 4; lastKnownFileType = sourcecode.swift; path = ContentView.swift; sourceTree = "<group>"; };
		2DDBC4852876D21200432689 /* ConversationCell.swift */ = {isa = PBXFileReference; fileEncoding = 4; lastKnownFileType = sourcecode.swift; path = ConversationCell.swift; sourceTree = "<group>"; };
		2DDBC4862876D21200432689 /* MessageInputView.swift */ = {isa = PBXFileReference; fileEncoding = 4; lastKnownFileType = sourcecode.swift; path = MessageInputView.swift; sourceTree = "<group>"; };
		2DDBC4872876D21200432689 /* NewMessageView.swift */ = {isa = PBXFileReference; fileEncoding = 4; lastKnownFileType = sourcecode.swift; path = NewMessageView.swift; sourceTree = "<group>"; };
		2DDBC4882876D21200432689 /* ConversationsView.swift */ = {isa = PBXFileReference; fileEncoding = 4; lastKnownFileType = sourcecode.swift; path = ConversationsView.swift; sourceTree = "<group>"; };
		2DDBC4892876D21200432689 /* ChatView.swift */ = {isa = PBXFileReference; fileEncoding = 4; lastKnownFileType = sourcecode.swift; path = ChatView.swift; sourceTree = "<group>"; };
		2DDBC48A2876D21200432689 /* ChatBubble.swift */ = {isa = PBXFileReference; fileEncoding = 4; lastKnownFileType = sourcecode.swift; path = ChatBubble.swift; sourceTree = "<group>"; };
		2DDBC48C2876D21200432689 /* SearchView.swift */ = {isa = PBXFileReference; fileEncoding = 4; lastKnownFileType = sourcecode.swift; path = SearchView.swift; sourceTree = "<group>"; };
		2DDBC48D2876D21200432689 /* SearchBar.swift */ = {isa = PBXFileReference; fileEncoding = 4; lastKnownFileType = sourcecode.swift; path = SearchBar.swift; sourceTree = "<group>"; };
		2DDBC48E2876D21200432689 /* UserCell.swift */ = {isa = PBXFileReference; fileEncoding = 4; lastKnownFileType = sourcecode.swift; path = UserCell.swift; sourceTree = "<group>"; };
		2DDBC4902876D21200432689 /* NewTweetView.swift */ = {isa = PBXFileReference; fileEncoding = 4; lastKnownFileType = sourcecode.swift; path = NewTweetView.swift; sourceTree = "<group>"; };
		2DDBC4922876D21200432689 /* ProfileHeaderView.swift */ = {isa = PBXFileReference; fileEncoding = 4; lastKnownFileType = sourcecode.swift; path = ProfileHeaderView.swift; sourceTree = "<group>"; };
		2DDBC4932876D21200432689 /* FilterButtonView.swift */ = {isa = PBXFileReference; fileEncoding = 4; lastKnownFileType = sourcecode.swift; path = FilterButtonView.swift; sourceTree = "<group>"; };
		2DDBC4942876D21200432689 /* UserProfileView.swift */ = {isa = PBXFileReference; fileEncoding = 4; lastKnownFileType = sourcecode.swift; path = UserProfileView.swift; sourceTree = "<group>"; };
		2DDBC4952876D21200432689 /* ProfileActionButton.swift */ = {isa = PBXFileReference; fileEncoding = 4; lastKnownFileType = sourcecode.swift; path = ProfileActionButton.swift; sourceTree = "<group>"; };
		2DDBC4972876D21200432689 /* FeedView.swift */ = {isa = PBXFileReference; fileEncoding = 4; lastKnownFileType = sourcecode.swift; path = FeedView.swift; sourceTree = "<group>"; };
		2DDBC4982876D21200432689 /* TweetCellView.swift */ = {isa = PBXFileReference; fileEncoding = 4; lastKnownFileType = sourcecode.swift; path = TweetCellView.swift; sourceTree = "<group>"; };
		2DDBC49A2876D21200432689 /* LoginView.swift */ = {isa = PBXFileReference; fileEncoding = 4; lastKnownFileType = sourcecode.swift; path = LoginView.swift; sourceTree = "<group>"; };
		2DDBC49B2876D21200432689 /* RegisterView.swift */ = {isa = PBXFileReference; fileEncoding = 4; lastKnownFileType = sourcecode.swift; path = RegisterView.swift; sourceTree = "<group>"; };
		2DDBC4B02876D22500432689 /* AuthViewModel.swift */ = {isa = PBXFileReference; fileEncoding = 4; lastKnownFileType = sourcecode.swift; path = AuthViewModel.swift; sourceTree = "<group>"; };
		2DDBC4BC2876DACC00432689 /* Message.swift */ = {isa = PBXFileReference; fileEncoding = 4; lastKnownFileType = sourcecode.swift; path = Message.swift; sourceTree = "<group>"; };
		2DDBC4BD2876DACC00432689 /* User.swift */ = {isa = PBXFileReference; fileEncoding = 4; lastKnownFileType = sourcecode.swift; path = User.swift; sourceTree = "<group>"; };
/* End PBXFileReference section */

/* Begin PBXFrameworksBuildPhase section */
		2DDBC4642876CC6800432689 /* Frameworks */ = {
			isa = PBXFrameworksBuildPhase;
			buildActionMask = 2147483647;
			files = (
			);
			runOnlyForDeploymentPostprocessing = 0;
		};
/* End PBXFrameworksBuildPhase section */

/* Begin PBXGroup section */
		2DDBC45E2876CC6800432689 = {
			isa = PBXGroup;
			children = (
				2DDBC4692876CC6800432689 /* twitter_clone */,
				2DDBC4682876CC6800432689 /* Products */,
			);
			sourceTree = "<group>";
		};
		2DDBC4682876CC6800432689 /* Products */ = {
			isa = PBXGroup;
			children = (
				2DDBC4672876CC6800432689 /* twitter_clone.app */,
			);
			name = Products;
			sourceTree = "<group>";
		};
		2DDBC4692876CC6800432689 /* twitter_clone */ = {
			isa = PBXGroup;
			children = (
				2DDBC4BB2876DACC00432689 /* Model */,
				2DDBC4AF2876D22500432689 /* ViewModels */,
				2DDBC4812876D21200432689 /* View */,
				2DDBC4782876D20300432689 /* Utils */,
				2DDBC46A2876CC6800432689 /* twitter_cloneApp.swift */,
				2DDBC46E2876CC6900432689 /* Assets.xcassets */,
				2DDBC4702876CC6900432689 /* Preview Content */,
			);
			path = twitter_clone;
			sourceTree = "<group>";
		};
		2DDBC4702876CC6900432689 /* Preview Content */ = {
			isa = PBXGroup;
			children = (
				2DDBC4712876CC6900432689 /* Preview Assets.xcassets */,
			);
			path = "Preview Content";
			sourceTree = "<group>";
		};
		2DDBC4782876D20300432689 /* Utils */ = {
			isa = PBXGroup;
			children = (
				2DDBC4792876D20300432689 /* TextArea.swift */,
				2DDBC47A2876D20300432689 /* CustomSecureField.swift */,
				2DDBC47B2876D20300432689 /* ImagePicker.swift */,
				2DDBC47C2876D20300432689 /* CustomTextField.swift */,
			);
			path = Utils;
			sourceTree = "<group>";
		};
		2DDBC4812876D21200432689 /* View */ = {
			isa = PBXGroup;
			children = (
				2DDBC4822876D21200432689 /* Home */,
				2DDBC4842876D21200432689 /* Messages */,
				2DDBC48B2876D21200432689 /* Search */,
				2DDBC48F2876D21200432689 /* Tweets */,
				2DDBC4912876D21200432689 /* Profile */,
				2DDBC4962876D21200432689 /* Feed */,
				2DDBC4992876D21200432689 /* Authentication */,
			);
			path = View;
			sourceTree = "<group>";
		};
		2DDBC4822876D21200432689 /* Home */ = {
			isa = PBXGroup;
			children = (
				2DDBC4832876D21200432689 /* ContentView.swift */,
			);
			path = Home;
			sourceTree = "<group>";
		};
		2DDBC4842876D21200432689 /* Messages */ = {
			isa = PBXGroup;
			children = (
				2DDBC4852876D21200432689 /* ConversationCell.swift */,
				2DDBC4862876D21200432689 /* MessageInputView.swift */,
				2DDBC4872876D21200432689 /* NewMessageView.swift */,
				2DDBC4882876D21200432689 /* ConversationsView.swift */,
				2DDBC4892876D21200432689 /* ChatView.swift */,
				2DDBC48A2876D21200432689 /* ChatBubble.swift */,
			);
			path = Messages;
			sourceTree = "<group>";
		};
		2DDBC48B2876D21200432689 /* Search */ = {
			isa = PBXGroup;
			children = (
				2DDBC48C2876D21200432689 /* SearchView.swift */,
				2DDBC48D2876D21200432689 /* SearchBar.swift */,
				2DDBC48E2876D21200432689 /* UserCell.swift */,
			);
			path = Search;
			sourceTree = "<group>";
		};
		2DDBC48F2876D21200432689 /* Tweets */ = {
			isa = PBXGroup;
			children = (
				2DDBC4902876D21200432689 /* NewTweetView.swift */,
			);
			path = Tweets;
			sourceTree = "<group>";
		};
		2DDBC4912876D21200432689 /* Profile */ = {
			isa = PBXGroup;
			children = (
				2DDBC4922876D21200432689 /* ProfileHeaderView.swift */,
				2DDBC4932876D21200432689 /* FilterButtonView.swift */,
				2DDBC4942876D21200432689 /* UserProfileView.swift */,
				2DDBC4952876D21200432689 /* ProfileActionButton.swift */,
			);
			path = Profile;
			sourceTree = "<group>";
		};
		2DDBC4962876D21200432689 /* Feed */ = {
			isa = PBXGroup;
			children = (
				2DDBC4972876D21200432689 /* FeedView.swift */,
				2DDBC4982876D21200432689 /* TweetCellView.swift */,
			);
			path = Feed;
			sourceTree = "<group>";
		};
		2DDBC4992876D21200432689 /* Authentication */ = {
			isa = PBXGroup;
			children = (
				2DDBC49A2876D21200432689 /* LoginView.swift */,
				2DDBC49B2876D21200432689 /* RegisterView.swift */,
			);
			path = Authentication;
			sourceTree = "<group>";
		};
		2DDBC4AF2876D22500432689 /* ViewModels */ = {
			isa = PBXGroup;
			children = (
				2DDBC4B02876D22500432689 /* AuthViewModel.swift */,
			);
			path = ViewModels;
			sourceTree = "<group>";
		};
		2DDBC4BB2876DACC00432689 /* Model */ = {
			isa = PBXGroup;
			children = (
				2DDBC4BC2876DACC00432689 /* Message.swift */,
				2DDBC4BD2876DACC00432689 /* User.swift */,
			);
			path = Model;
			sourceTree = "<group>";
		};
/* End PBXGroup section */

/* Begin PBXNativeTarget section */
		2DDBC4662876CC6800432689 /* twitter_clone */ = {
			isa = PBXNativeTarget;
			buildConfigurationList = 2DDBC4752876CC6900432689 /* Build configuration list for PBXNativeTarget "twitter_clone" */;
			buildPhases = (
				2DDBC4632876CC6800432689 /* Sources */,
				2DDBC4642876CC6800432689 /* Frameworks */,
				2DDBC4652876CC6800432689 /* Resources */,
			);
			buildRules = (
			);
			dependencies = (
			);
			name = twitter_clone;
			productName = twitter_clone;
			productReference = 2DDBC4672876CC6800432689 /* twitter_clone.app */;
			productType = "com.apple.product-type.application";
		};
/* End PBXNativeTarget section */

/* Begin PBXProject section */
		2DDBC45F2876CC6800432689 /* Project object */ = {
			isa = PBXProject;
			attributes = {
				BuildIndependentTargetsInParallel = 1;
				LastSwiftUpdateCheck = 1340;
				LastUpgradeCheck = 1340;
				TargetAttributes = {
					2DDBC4662876CC6800432689 = {
						CreatedOnToolsVersion = 13.4.1;
					};
				};
			};
			buildConfigurationList = 2DDBC4622876CC6800432689 /* Build configuration list for PBXProject "twitter_clone" */;
			compatibilityVersion = "Xcode 13.0";
			developmentRegion = en;
			hasScannedForEncodings = 0;
			knownRegions = (
				en,
				Base,
			);
			mainGroup = 2DDBC45E2876CC6800432689;
			productRefGroup = 2DDBC4682876CC6800432689 /* Products */;
			projectDirPath = "";
			projectRoot = "";
			targets = (
				2DDBC4662876CC6800432689 /* twitter_clone */,
			);
		};
/* End PBXProject section */

/* Begin PBXResourcesBuildPhase section */
		2DDBC4652876CC6800432689 /* Resources */ = {
			isa = PBXResourcesBuildPhase;
			buildActionMask = 2147483647;
			files = (
				2DDBC4722876CC6900432689 /* Preview Assets.xcassets in Resources */,
				2DDBC46F2876CC6900432689 /* Assets.xcassets in Resources */,
			);
			runOnlyForDeploymentPostprocessing = 0;
		};
/* End PBXResourcesBuildPhase section */

/* Begin PBXSourcesBuildPhase section */
		2DDBC4632876CC6800432689 /* Sources */ = {
			isa = PBXSourcesBuildPhase;
			buildActionMask = 2147483647;
			files = (
				2DDBC4AC2876D21200432689 /* TweetCellView.swift in Sources */,
				2DDBC4AA2876D21200432689 /* ProfileActionButton.swift in Sources */,
				2DDBC47E2876D20300432689 /* CustomSecureField.swift in Sources */,
				2DDBC4A22876D21200432689 /* ChatBubble.swift in Sources */,
				2DDBC4A42876D21200432689 /* SearchBar.swift in Sources */,
				2DDBC4AD2876D21200432689 /* LoginView.swift in Sources */,
				2DDBC49C2876D21200432689 /* ContentView.swift in Sources */,
				2DDBC4BF2876DACC00432689 /* User.swift in Sources */,
				2DDBC4AB2876D21200432689 /* FeedView.swift in Sources */,
				2DDBC4802876D20300432689 /* CustomTextField.swift in Sources */,
				2DDBC4A12876D21200432689 /* ChatView.swift in Sources */,
				2DDBC4AE2876D21200432689 /* RegisterView.swift in Sources */,
				2DDBC4BE2876DACC00432689 /* Message.swift in Sources */,
				2DDBC4A82876D21200432689 /* FilterButtonView.swift in Sources */,
				2DDBC4A02876D21200432689 /* ConversationsView.swift in Sources */,
				2DDBC4A52876D21200432689 /* UserCell.swift in Sources */,
				2DDBC4A62876D21200432689 /* NewTweetView.swift in Sources */,
				2DDBC49D2876D21200432689 /* ConversationCell.swift in Sources */,
				2DDBC47F2876D20300432689 /* ImagePicker.swift in Sources */,
				2DDBC47D2876D20300432689 /* TextArea.swift in Sources */,
				2DDBC4A72876D21200432689 /* ProfileHeaderView.swift in Sources */,
				2DDBC4A92876D21200432689 /* UserProfileView.swift in Sources */,
				2DDBC4A32876D21200432689 /* SearchView.swift in Sources */,
				2DDBC46B2876CC6800432689 /* twitter_cloneApp.swift in Sources */,
				2DDBC49E2876D21200432689 /* MessageInputView.swift in Sources */,
				2DDBC4B12876D22500432689 /* AuthViewModel.swift in Sources */,
				2DDBC49F2876D21200432689 /* NewMessageView.swift in Sources */,
			);
			runOnlyForDeploymentPostprocessing = 0;
		};
/* End PBXSourcesBuildPhase section */

/* Begin XCBuildConfiguration section */
		2DDBC4732876CC6900432689 /* Debug */ = {
			isa = XCBuildConfiguration;
			buildSettings = {
				ALWAYS_SEARCH_USER_PATHS = NO;
				CLANG_ANALYZER_NONNULL = YES;
				CLANG_ANALYZER_NUMBER_OBJECT_CONVERSION = YES_AGGRESSIVE;
				CLANG_CXX_LANGUAGE_STANDARD = "gnu++17";
				CLANG_ENABLE_MODULES = YES;
				CLANG_ENABLE_OBJC_ARC = YES;
				CLANG_ENABLE_OBJC_WEAK = YES;
				CLANG_WARN_BLOCK_CAPTURE_AUTORELEASING = YES;
				CLANG_WARN_BOOL_CONVERSION = YES;
				CLANG_WARN_COMMA = YES;
				CLANG_WARN_CONSTANT_CONVERSION = YES;
				CLANG_WARN_DEPRECATED_OBJC_IMPLEMENTATIONS = YES;
				CLANG_WARN_DIRECT_OBJC_ISA_USAGE = YES_ERROR;
				CLANG_WARN_DOCUMENTATION_COMMENTS = YES;
				CLANG_WARN_EMPTY_BODY = YES;
				CLANG_WARN_ENUM_CONVERSION = YES;
				CLANG_WARN_INFINITE_RECURSION = YES;
				CLANG_WARN_INT_CONVERSION = YES;
				CLANG_WARN_NON_LITERAL_NULL_CONVERSION = YES;
				CLANG_WARN_OBJC_IMPLICIT_RETAIN_SELF = YES;
				CLANG_WARN_OBJC_LITERAL_CONVERSION = YES;
				CLANG_WARN_OBJC_ROOT_CLASS = YES_ERROR;
				CLANG_WARN_QUOTED_INCLUDE_IN_FRAMEWORK_HEADER = YES;
				CLANG_WARN_RANGE_LOOP_ANALYSIS = YES;
				CLANG_WARN_STRICT_PROTOTYPES = YES;
				CLANG_WARN_SUSPICIOUS_MOVE = YES;
				CLANG_WARN_UNGUARDED_AVAILABILITY = YES_AGGRESSIVE;
				CLANG_WARN_UNREACHABLE_CODE = YES;
				CLANG_WARN__DUPLICATE_METHOD_MATCH = YES;
				COPY_PHASE_STRIP = NO;
				DEBUG_INFORMATION_FORMAT = dwarf;
				ENABLE_STRICT_OBJC_MSGSEND = YES;
				ENABLE_TESTABILITY = YES;
				GCC_C_LANGUAGE_STANDARD = gnu11;
				GCC_DYNAMIC_NO_PIC = NO;
				GCC_NO_COMMON_BLOCKS = YES;
				GCC_OPTIMIZATION_LEVEL = 0;
				GCC_PREPROCESSOR_DEFINITIONS = (
					"DEBUG=1",
					"$(inherited)",
				);
				GCC_WARN_64_TO_32_BIT_CONVERSION = YES;
				GCC_WARN_ABOUT_RETURN_TYPE = YES_ERROR;
				GCC_WARN_UNDECLARED_SELECTOR = YES;
				GCC_WARN_UNINITIALIZED_AUTOS = YES_AGGRESSIVE;
				GCC_WARN_UNUSED_FUNCTION = YES;
				GCC_WARN_UNUSED_VARIABLE = YES;
				IPHONEOS_DEPLOYMENT_TARGET = 15.5;
				MTL_ENABLE_DEBUG_INFO = INCLUDE_SOURCE;
				MTL_FAST_MATH = YES;
				ONLY_ACTIVE_ARCH = YES;
				SDKROOT = iphoneos;
				SWIFT_ACTIVE_COMPILATION_CONDITIONS = DEBUG;
				SWIFT_OPTIMIZATION_LEVEL = "-Onone";
			};
			name = Debug;
		};
		2DDBC4742876CC6900432689 /* Release */ = {
			isa = XCBuildConfiguration;
			buildSettings = {
				ALWAYS_SEARCH_USER_PATHS = NO;
				CLANG_ANALYZER_NONNULL = YES;
				CLANG_ANALYZER_NUMBER_OBJECT_CONVERSION = YES_AGGRESSIVE;
				CLANG_CXX_LANGUAGE_STANDARD = "gnu++17";
				CLANG_ENABLE_MODULES = YES;
				CLANG_ENABLE_OBJC_ARC = YES;
				CLANG_ENABLE_OBJC_WEAK = YES;
				CLANG_WARN_BLOCK_CAPTURE_AUTORELEASING = YES;
				CLANG_WARN_BOOL_CONVERSION = YES;
				CLANG_WARN_COMMA = YES;
				CLANG_WARN_CONSTANT_CONVERSION = YES;
				CLANG_WARN_DEPRECATED_OBJC_IMPLEMENTATIONS = YES;
				CLANG_WARN_DIRECT_OBJC_ISA_USAGE = YES_ERROR;
				CLANG_WARN_DOCUMENTATION_COMMENTS = YES;
				CLANG_WARN_EMPTY_BODY = YES;
				CLANG_WARN_ENUM_CONVERSION = YES;
				CLANG_WARN_INFINITE_RECURSION = YES;
				CLANG_WARN_INT_CONVERSION = YES;
				CLANG_WARN_NON_LITERAL_NULL_CONVERSION = YES;
				CLANG_WARN_OBJC_IMPLICIT_RETAIN_SELF = YES;
				CLANG_WARN_OBJC_LITERAL_CONVERSION = YES;
				CLANG_WARN_OBJC_ROOT_CLASS = YES_ERROR;
				CLANG_WARN_QUOTED_INCLUDE_IN_FRAMEWORK_HEADER = YES;
				CLANG_WARN_RANGE_LOOP_ANALYSIS = YES;
				CLANG_WARN_STRICT_PROTOTYPES = YES;
				CLANG_WARN_SUSPICIOUS_MOVE = YES;
				CLANG_WARN_UNGUARDED_AVAILABILITY = YES_AGGRESSIVE;
				CLANG_WARN_UNREACHABLE_CODE = YES;
				CLANG_WARN__DUPLICATE_METHOD_MATCH = YES;
				COPY_PHASE_STRIP = NO;
				DEBUG_INFORMATION_FORMAT = "dwarf-with-dsym";
				ENABLE_NS_ASSERTIONS = NO;
				ENABLE_STRICT_OBJC_MSGSEND = YES;
				GCC_C_LANGUAGE_STANDARD = gnu11;
				GCC_NO_COMMON_BLOCKS = YES;
				GCC_WARN_64_TO_32_BIT_CONVERSION = YES;
				GCC_WARN_ABOUT_RETURN_TYPE = YES_ERROR;
				GCC_WARN_UNDECLARED_SELECTOR = YES;
				GCC_WARN_UNINITIALIZED_AUTOS = YES_AGGRESSIVE;
				GCC_WARN_UNUSED_FUNCTION = YES;
				GCC_WARN_UNUSED_VARIABLE = YES;
				IPHONEOS_DEPLOYMENT_TARGET = 15.5;
				MTL_ENABLE_DEBUG_INFO = NO;
				MTL_FAST_MATH = YES;
				SDKROOT = iphoneos;
				SWIFT_COMPILATION_MODE = wholemodule;
				SWIFT_OPTIMIZATION_LEVEL = "-O";
				VALIDATE_PRODUCT = YES;
			};
			name = Release;
		};
		2DDBC4762876CC6900432689 /* Debug */ = {
			isa = XCBuildConfiguration;
			buildSettings = {
				ASSETCATALOG_COMPILER_APPICON_NAME = AppIcon;
				ASSETCATALOG_COMPILER_GLOBAL_ACCENT_COLOR_NAME = AccentColor;
				CODE_SIGN_STYLE = Automatic;
				CURRENT_PROJECT_VERSION = 1;
				DEVELOPMENT_ASSET_PATHS = "\"twitter_clone/Preview Content\"";
				DEVELOPMENT_TEAM = 8M7V822XLX;
				ENABLE_PREVIEWS = YES;
				GENERATE_INFOPLIST_FILE = YES;
				INFOPLIST_KEY_UIApplicationSceneManifest_Generation = YES;
				INFOPLIST_KEY_UIApplicationSupportsIndirectInputEvents = YES;
				INFOPLIST_KEY_UILaunchScreen_Generation = YES;
				INFOPLIST_KEY_UISupportedInterfaceOrientations_iPad = "UIInterfaceOrientationPortrait UIInterfaceOrientationPortraitUpsideDown UIInterfaceOrientationLandscapeLeft UIInterfaceOrientationLandscapeRight";
				INFOPLIST_KEY_UISupportedInterfaceOrientations_iPhone = "UIInterfaceOrientationPortrait UIInterfaceOrientationLandscapeLeft UIInterfaceOrientationLandscapeRight";
				LD_RUNPATH_SEARCH_PATHS = (
					"$(inherited)",
					"@executable_path/Frameworks",
				);
				MARKETING_VERSION = 1.0;
				PRODUCT_BUNDLE_IDENTIFIER = "esgi.twitter-clone";
				PRODUCT_NAME = "$(TARGET_NAME)";
				SWIFT_EMIT_LOC_STRINGS = YES;
				SWIFT_VERSION = 5.0;
				TARGETED_DEVICE_FAMILY = "1,2";
			};
			name = Debug;
		};
		2DDBC4772876CC6900432689 /* Release */ = {
			isa = XCBuildConfiguration;
			buildSettings = {
				ASSETCATALOG_COMPILER_APPICON_NAME = AppIcon;
				ASSETCATALOG_COMPILER_GLOBAL_ACCENT_COLOR_NAME = AccentColor;
				CODE_SIGN_STYLE = Automatic;
				CURRENT_PROJECT_VERSION = 1;
				DEVELOPMENT_ASSET_PATHS = "\"twitter_clone/Preview Content\"";
				DEVELOPMENT_TEAM = 8M7V822XLX;
				ENABLE_PREVIEWS = YES;
				GENERATE_INFOPLIST_FILE = YES;
				INFOPLIST_KEY_UIApplicationSceneManifest_Generation = YES;
				INFOPLIST_KEY_UIApplicationSupportsIndirectInputEvents = YES;
				INFOPLIST_KEY_UILaunchScreen_Generation = YES;
				INFOPLIST_KEY_UISupportedInterfaceOrientations_iPad = "UIInterfaceOrientationPortrait UIInterfaceOrientationPortraitUpsideDown UIInterfaceOrientationLandscapeLeft UIInterfaceOrientationLandscapeRight";
				INFOPLIST_KEY_UISupportedInterfaceOrientations_iPhone = "UIInterfaceOrientationPortrait UIInterfaceOrientationLandscapeLeft UIInterfaceOrientationLandscapeRight";
				LD_RUNPATH_SEARCH_PATHS = (
					"$(inherited)",
					"@executable_path/Frameworks",
				);
				MARKETING_VERSION = 1.0;
				PRODUCT_BUNDLE_IDENTIFIER = "esgi.twitter-clone";
				PRODUCT_NAME = "$(TARGET_NAME)";
				SWIFT_EMIT_LOC_STRINGS = YES;
				SWIFT_VERSION = 5.0;
				TARGETED_DEVICE_FAMILY = "1,2";
			};
			name = Release;
		};
/* End XCBuildConfiguration section */

/* Begin XCConfigurationList section */
		2DDBC4622876CC6800432689 /* Build configuration list for PBXProject "twitter_clone" */ = {
			isa = XCConfigurationList;
			buildConfigurations = (
				2DDBC4732876CC6900432689 /* Debug */,
				2DDBC4742876CC6900432689 /* Release */,
			);
			defaultConfigurationIsVisible = 0;
			defaultConfigurationName = Release;
		};
		2DDBC4752876CC6900432689 /* Build configuration list for PBXNativeTarget "twitter_clone" */ = {
			isa = XCConfigurationList;
			buildConfigurations = (
				2DDBC4762876CC6900432689 /* Debug */,
				2DDBC4772876CC6900432689 /* Release */,
			);
			defaultConfigurationIsVisible = 0;
			defaultConfigurationName = Release;
		};
/* End XCConfigurationList section */
	};
	rootObject = 2DDBC45F2876CC6800432689 /* Project object */;
}
